
Microsoft Visual Studio Solution File, Format Version 12.00
# Visual Studio 15
VisualStudioVersion = 15.0.27004.2008
MinimumVisualStudioVersion = 10.0.40219.1
Project("{FAE04EC0-301F-11D3-BF4B-00C04F79EFBC}") = "smartch", "smartch\smartch.csproj", "{B27AEE25-C5D1-40FE-A720-7AE8BB8F0FFE}"
EndProject
Global
	GlobalSection(SolutionConfigurationPlatforms) = preSolution
		Debug|Any CPU = Debug|Any CPU
		Release|Any CPU = Release|Any CPU
	EndGlobalSection
	GlobalSection(ProjectConfigurationPlatforms) = postSolution
		{B27AEE25-C5D1-40FE-A720-7AE8BB8F0FFE}.Debug|Any CPU.ActiveCfg = Debug|Any CPU
		{B27AEE25-C5D1-40FE-A720-7AE8BB8F0FFE}.Debug|Any CPU.Build.0 = Debug|Any CPU
		{B27AEE25-C5D1-40FE-A720-7AE8BB8F0FFE}.Release|Any CPU.ActiveCfg = Release|Any CPU
		{B27AEE25-C5D1-40FE-A720-7AE8BB8F0FFE}.Release|Any CPU.Build.0 = Release|Any CPU
	EndGlobalSection
	GlobalSection(SolutionProperties) = preSolution
		HideSolutionNode = FALSE
	EndGlobalSection
	GlobalSection(ExtensibilityGlobals) = postSolution
		SolutionGuid = {FB210DAB-D5A6-4F4A-8372-D11F69A7C4D0}
	EndGlobalSection
EndGlobal
